
Microsoft Visual Studio Solution File, Format Version 12.00
# Visual Studio Version 16
VisualStudioVersion = 16.0.31624.102
MinimumVisualStudioVersion = 10.0.40219.1
Project("{9A19103F-16F7-4668-BE54-9A1E7A4F7556}") = "ClassLibraryTicketSystem", "ClassLibraryTicketSystem\ClassLibraryTicketSystem.csproj", "{E03253D9-5B87-43D4-A478-8ED05ED2C266}"
EndProject
Project("{9A19103F-16F7-4668-BE54-9A1E7A4F7556}") = "ClassLibraryTicketSystemTests1", "ClassLibraryTicketSystemTests1\ClassLibraryTicketSystemTests1.csproj", "{C62BE3DB-EC0B-4BFC-A28D-5660934BCC8F}"
EndProject
Project("{9A19103F-16F7-4668-BE54-9A1E7A4F7556}") = "StoreBaeltTicketLibrary", "StoreBaeltTicketLibrary\StoreBaeltTicketLibrary.csproj", "{960E9D0D-A3C7-4C26-A2BC-93FFFFBAEA5A}"
EndProject
Project("{9A19103F-16F7-4668-BE54-9A1E7A4F7556}") = "StoreBaeltTicketLibraryTests", "StoreBaeltTicketLibraryTests\StoreBaeltTicketLibraryTests.csproj", "{2108C770-345A-4940-9AF5-613DE9FD83A7}"
EndProject
Project("{FAE04EC0-301F-11D3-BF4B-00C04F79EFBC}") = "OresundBron", "OresundBron\OresundBron.csproj", "{DB6DA0EB-3BC5-41FF-8ADE-82C936FECF54}"
EndProject
Project("{FAE04EC0-301F-11D3-BF4B-00C04F79EFBC}") = "OresundBronTests", "OresundBronTests\OresundBronTests.csproj", "{3A73CA78-1298-4CE4-8805-CAFAC2CE0E0C}"
EndProject
Global
	GlobalSection(SolutionConfigurationPlatforms) = preSolution
		Debug|Any CPU = Debug|Any CPU
		Release|Any CPU = Release|Any CPU
	EndGlobalSection
	GlobalSection(ProjectConfigurationPlatforms) = postSolution
		{E03253D9-5B87-43D4-A478-8ED05ED2C266}.Debug|Any CPU.ActiveCfg = Debug|Any CPU
		{E03253D9-5B87-43D4-A478-8ED05ED2C266}.Debug|Any CPU.Build.0 = Debug|Any CPU
		{E03253D9-5B87-43D4-A478-8ED05ED2C266}.Release|Any CPU.ActiveCfg = Release|Any CPU
		{E03253D9-5B87-43D4-A478-8ED05ED2C266}.Release|Any CPU.Build.0 = Release|Any CPU
		{C62BE3DB-EC0B-4BFC-A28D-5660934BCC8F}.Debug|Any CPU.ActiveCfg = Debug|Any CPU
		{C62BE3DB-EC0B-4BFC-A28D-5660934BCC8F}.Debug|Any CPU.Build.0 = Debug|Any CPU
		{C62BE3DB-EC0B-4BFC-A28D-5660934BCC8F}.Release|Any CPU.ActiveCfg = Release|Any CPU
		{C62BE3DB-EC0B-4BFC-A28D-5660934BCC8F}.Release|Any CPU.Build.0 = Release|Any CPU
		{960E9D0D-A3C7-4C26-A2BC-93FFFFBAEA5A}.Debug|Any CPU.ActiveCfg = Debug|Any CPU
		{960E9D0D-A3C7-4C26-A2BC-93FFFFBAEA5A}.Debug|Any CPU.Build.0 = Debug|Any CPU
		{960E9D0D-A3C7-4C26-A2BC-93FFFFBAEA5A}.Release|Any CPU.ActiveCfg = Release|Any CPU
		{960E9D0D-A3C7-4C26-A2BC-93FFFFBAEA5A}.Release|Any CPU.Build.0 = Release|Any CPU
		{2108C770-345A-4940-9AF5-613DE9FD83A7}.Debug|Any CPU.ActiveCfg = Debug|Any CPU
		{2108C770-345A-4940-9AF5-613DE9FD83A7}.Debug|Any CPU.Build.0 = Debug|Any CPU
		{2108C770-345A-4940-9AF5-613DE9FD83A7}.Release|Any CPU.ActiveCfg = Release|Any CPU
		{2108C770-345A-4940-9AF5-613DE9FD83A7}.Release|Any CPU.Build.0 = Release|Any CPU
		{DB6DA0EB-3BC5-41FF-8ADE-82C936FECF54}.Debug|Any CPU.ActiveCfg = Debug|Any CPU
		{DB6DA0EB-3BC5-41FF-8ADE-82C936FECF54}.Debug|Any CPU.Build.0 = Debug|Any CPU
		{DB6DA0EB-3BC5-41FF-8ADE-82C936FECF54}.Release|Any CPU.ActiveCfg = Release|Any CPU
		{DB6DA0EB-3BC5-41FF-8ADE-82C936FECF54}.Release|Any CPU.Build.0 = Release|Any CPU
		{3A73CA78-1298-4CE4-8805-CAFAC2CE0E0C}.Debug|Any CPU.ActiveCfg = Debug|Any CPU
		{3A73CA78-1298-4CE4-8805-CAFAC2CE0E0C}.Debug|Any CPU.Build.0 = Debug|Any CPU
		{3A73CA78-1298-4CE4-8805-CAFAC2CE0E0C}.Release|Any CPU.ActiveCfg = Release|Any CPU
		{3A73CA78-1298-4CE4-8805-CAFAC2CE0E0C}.Release|Any CPU.Build.0 = Release|Any CPU
	EndGlobalSection
	GlobalSection(SolutionProperties) = preSolution
		HideSolutionNode = FALSE
	EndGlobalSection
	GlobalSection(ExtensibilityGlobals) = postSolution
		SolutionGuid = {2EE0A1AF-F9C6-4136-A0BA-37870B3F0268}
	EndGlobalSection
EndGlobal
